
Microsoft Visual Studio Solution File, Format Version 12.00
# Visual Studio Version 17
VisualStudioVersion = 17.14.36518.9 d17.14
MinimumVisualStudioVersion = 10.0.40219.1
Project("{FAE04EC0-301F-11D3-BF4B-00C04F79EFBC}") = "SpotiBot.Api", "SpotiBot.Api\SpotiBot.Api.csproj", "{48A681A5-EA5B-4CF0-8821-FAF6FD174D2A}"
EndProject
Project("{FAE04EC0-301F-11D3-BF4B-00C04F79EFBC}") = "SpotiBot.ApiModels", "SpotiBot.ApiModels\SpotiBot.ApiModels.csproj", "{F116F3B1-6119-408C-AEC0-78679AD243D5}"
EndProject
Project("{2150E333-8FDC-42A3-9474-1A3956D46DE8}") = "Solution Items", "Solution Items", "{02EA681E-C7D8-13C7-8484-4AC65E1B71E8}"
	ProjectSection(SolutionItems) = preProject
		.editorconfig = .editorconfig
	EndProjectSection
EndProject
Project("{FAE04EC0-301F-11D3-BF4B-00C04F79EFBC}") = "SpotiBot.Api.IntegrationTests", "SpotiBot.Api.IntegrationTests\SpotiBot.Api.IntegrationTests.csproj", "{A9EC59B9-28FF-4C78-B255-5857FF1942B0}"
EndProject
Global
	GlobalSection(SolutionConfigurationPlatforms) = preSolution
		Debug|Any CPU = Debug|Any CPU
		Release|Any CPU = Release|Any CPU
	EndGlobalSection
	GlobalSection(ProjectConfigurationPlatforms) = postSolution
		{48A681A5-EA5B-4CF0-8821-FAF6FD174D2A}.Debug|Any CPU.ActiveCfg = Debug|Any CPU
		{48A681A5-EA5B-4CF0-8821-FAF6FD174D2A}.Debug|Any CPU.Build.0 = Debug|Any CPU
		{48A681A5-EA5B-4CF0-8821-FAF6FD174D2A}.Release|Any CPU.ActiveCfg = Release|Any CPU
		{48A681A5-EA5B-4CF0-8821-FAF6FD174D2A}.Release|Any CPU.Build.0 = Release|Any CPU
		{F116F3B1-6119-408C-AEC0-78679AD243D5}.Debug|Any CPU.ActiveCfg = Debug|Any CPU
		{F116F3B1-6119-408C-AEC0-78679AD243D5}.Debug|Any CPU.Build.0 = Debug|Any CPU
		{F116F3B1-6119-408C-AEC0-78679AD243D5}.Release|Any CPU.ActiveCfg = Release|Any CPU
		{F116F3B1-6119-408C-AEC0-78679AD243D5}.Release|Any CPU.Build.0 = Release|Any CPU
		{A9EC59B9-28FF-4C78-B255-5857FF1942B0}.Debug|Any CPU.ActiveCfg = Debug|Any CPU
		{A9EC59B9-28FF-4C78-B255-5857FF1942B0}.Debug|Any CPU.Build.0 = Debug|Any CPU
		{A9EC59B9-28FF-4C78-B255-5857FF1942B0}.Release|Any CPU.ActiveCfg = Release|Any CPU
		{A9EC59B9-28FF-4C78-B255-5857FF1942B0}.Release|Any CPU.Build.0 = Release|Any CPU
	EndGlobalSection
	GlobalSection(SolutionProperties) = preSolution
		HideSolutionNode = FALSE
	EndGlobalSection
	GlobalSection(ExtensibilityGlobals) = postSolution
		SolutionGuid = {11375866-EDBA-48A9-9865-410E7D0EEF59}
	EndGlobalSection
EndGlobal
